
Microsoft Visual Studio Solution File, Format Version 12.00
# Visual Studio Version 16
VisualStudioVersion = 16.0.31112.23
MinimumVisualStudioVersion = 10.0.40219.1
Project("{FAE04EC0-301F-11D3-BF4B-00C04F79EFBC}") = "ComputerShareCTCore", "ComputerShareCTCore\ComputerShareCTCore.csproj", "{4C3F7F1B-251A-4A37-9637-176F9A644574}"
EndProject
Global
	GlobalSection(SolutionConfigurationPlatforms) = preSolution
		Debug|Any CPU = Debug|Any CPU
		Release|Any CPU = Release|Any CPU
	EndGlobalSection
	GlobalSection(ProjectConfigurationPlatforms) = postSolution
		{4C3F7F1B-251A-4A37-9637-176F9A644574}.Debug|Any CPU.ActiveCfg = Debug|Any CPU
		{4C3F7F1B-251A-4A37-9637-176F9A644574}.Debug|Any CPU.Build.0 = Debug|Any CPU
		{4C3F7F1B-251A-4A37-9637-176F9A644574}.Release|Any CPU.ActiveCfg = Release|Any CPU
		{4C3F7F1B-251A-4A37-9637-176F9A644574}.Release|Any CPU.Build.0 = Release|Any CPU
	EndGlobalSection
	GlobalSection(SolutionProperties) = preSolution
		HideSolutionNode = FALSE
	EndGlobalSection
	GlobalSection(ExtensibilityGlobals) = postSolution
		SolutionGuid = {61254954-545B-4DDA-BFD1-6742998A8B5E}
	EndGlobalSection
EndGlobal
